
Microsoft Visual Studio Solution File, Format Version 12.00
# Visual Studio Version 16
VisualStudioVersion = 16.0.30804.86
MinimumVisualStudioVersion = 10.0.40219.1
Project("{8BC9CEB8-8B4A-11D0-8D11-00A0C91BC942}") = "OfflineRepair", "OfflineRepair\OfflineRepair.vcxproj", "{0328F17A-7D8B-417B-9710-B7766B884B8D}"
EndProject
Global
	GlobalSection(SolutionConfigurationPlatforms) = preSolution
		Debug|x64 = Debug|x64
		Debug|x86 = Debug|x86
		Release|x64 = Release|x64
		Release|x86 = Release|x86
	EndGlobalSection
	GlobalSection(ProjectConfigurationPlatforms) = postSolution
		{0328F17A-7D8B-417B-9710-B7766B884B8D}.Debug|x64.ActiveCfg = Debug|x64
		{0328F17A-7D8B-417B-9710-B7766B884B8D}.Debug|x64.Build.0 = Debug|x64
		{0328F17A-7D8B-417B-9710-B7766B884B8D}.Debug|x86.ActiveCfg = Debug|Win32
		{0328F17A-7D8B-417B-9710-B7766B884B8D}.Debug|x86.Build.0 = Debug|Win32
		{0328F17A-7D8B-417B-9710-B7766B884B8D}.Release|x64.ActiveCfg = Release|x64
		{0328F17A-7D8B-417B-9710-B7766B884B8D}.Release|x64.Build.0 = Release|x64
		{0328F17A-7D8B-417B-9710-B7766B884B8D}.Release|x86.ActiveCfg = Release|Win32
		{0328F17A-7D8B-417B-9710-B7766B884B8D}.Release|x86.Build.0 = Release|Win32
	EndGlobalSection
	GlobalSection(SolutionProperties) = preSolution
		HideSolutionNode = FALSE
	EndGlobalSection
	GlobalSection(ExtensibilityGlobals) = postSolution
		SolutionGuid = {5A62FEBC-094D-440D-B447-55E06F308E62}
	EndGlobalSection
EndGlobal
